// !$*UTF8*$!
{
	archiveVersion = 1;
	classes = {
	};
	objectVersion = 56;
	objects = {

/* Begin PBXBuildFile section */
		1E0675122D7B248200E94188 /* Constants.swift in Sources */ = {isa = PBXBuildFile; fileRef = 1E0675112D7B248200E94188 /* Constants.swift */; };
		1E24286A2D61310B001601A2 /* AppDelegate.swift in Sources */ = {isa = PBXBuildFile; fileRef = 1E2428692D61310B001601A2 /* AppDelegate.swift */; };
		1E24286C2D61310B001601A2 /* SceneDelegate.swift in Sources */ = {isa = PBXBuildFile; fileRef = 1E24286B2D61310B001601A2 /* SceneDelegate.swift */; };
		1E2428732D61310C001601A2 /* Assets.xcassets in Resources */ = {isa = PBXBuildFile; fileRef = 1E2428722D61310C001601A2 /* Assets.xcassets */; };
		1E2428762D61310C001601A2 /* Base in Resources */ = {isa = PBXBuildFile; fileRef = 1E2428752D61310C001601A2 /* Base */; };
		1E24287E2D63EBAF001601A2 /* FavoritesListVC.swift in Sources */ = {isa = PBXBuildFile; fileRef = 1E24287D2D63EBAF001601A2 /* FavoritesListVC.swift */; };
		1E2428802D63EBE4001601A2 /* SearchVC.swift in Sources */ = {isa = PBXBuildFile; fileRef = 1E24287F2D63EBE4001601A2 /* SearchVC.swift */; };
		1E3679AC2D6BC07E006A5D5F /* GFTitleLabel.swift in Sources */ = {isa = PBXBuildFile; fileRef = 1E3679AB2D6BC07E006A5D5F /* GFTitleLabel.swift */; };
		1E3679AE2D6BC392006A5D5F /* GFBodyLabel.swift in Sources */ = {isa = PBXBuildFile; fileRef = 1E3679AD2D6BC392006A5D5F /* GFBodyLabel.swift */; };
		1E3679B02D6BC454006A5D5F /* GFAlertVC.swift in Sources */ = {isa = PBXBuildFile; fileRef = 1E3679AF2D6BC454006A5D5F /* GFAlertVC.swift */; };
		1E3679B22D6BD33E006A5D5F /* UIViewController+Ext.swift in Sources */ = {isa = PBXBuildFile; fileRef = 1E3679B12D6BD33E006A5D5F /* UIViewController+Ext.swift */; };
		1E5FF3472D6522810043BB3F /* GFButton.swift in Sources */ = {isa = PBXBuildFile; fileRef = 1E5FF3462D6522810043BB3F /* GFButton.swift */; };
		1E5FF3492D6524E40043BB3F /* GFTextField.swift in Sources */ = {isa = PBXBuildFile; fileRef = 1E5FF3482D6524E40043BB3F /* GFTextField.swift */; };
		1E79EB482D806AED008230C5 /* PersistenceManager.swift in Sources */ = {isa = PBXBuildFile; fileRef = 1E79EB472D806AED008230C5 /* PersistenceManager.swift */; };
		1E79EB4B2D80D5E7008230C5 /* FavoriteCell.swift in Sources */ = {isa = PBXBuildFile; fileRef = 1E79EB4A2D80D5E7008230C5 /* FavoriteCell.swift */; };
		1E79EB4E2D81B2E6008230C5 /* GFTabBarController.swift in Sources */ = {isa = PBXBuildFile; fileRef = 1E79EB4D2D81B2E6008230C5 /* GFTabBarController.swift */; };
		1EB459902D7C8AA400B07163 /* GFItemInfoView.swift in Sources */ = {isa = PBXBuildFile; fileRef = 1EB4598F2D7C8AA300B07163 /* GFItemInfoView.swift */; };
		1EB459922D7CAA9000B07163 /* GFITemInfoVC.swift in Sources */ = {isa = PBXBuildFile; fileRef = 1EB459912D7CAA9000B07163 /* GFITemInfoVC.swift */; };
		1EB459942D7CF9E900B07163 /* GfRepoItemVC.swift in Sources */ = {isa = PBXBuildFile; fileRef = 1EB459932D7CF9E900B07163 /* GfRepoItemVC.swift */; };
		1EB459962D7CFBED00B07163 /* GFFollowerItemVC.swift in Sources */ = {isa = PBXBuildFile; fileRef = 1EB459952D7CFBED00B07163 /* GFFollowerItemVC.swift */; };
		1EB459992D7E410500B07163 /* Data+Ext.swift in Sources */ = {isa = PBXBuildFile; fileRef = 1EB459982D7E410500B07163 /* Data+Ext.swift */; };
		1EB4599B2D7E411D00B07163 /* String+Ext.swift in Sources */ = {isa = PBXBuildFile; fileRef = 1EB4599A2D7E411D00B07163 /* String+Ext.swift */; };
		1ED080FE2D779B3B004F9F8C /* GFEmptyStateView.swift in Sources */ = {isa = PBXBuildFile; fileRef = 1ED080FD2D779B3B004F9F8C /* GFEmptyStateView.swift */; };
		1ED081002D79D24A004F9F8C /* UserInfoVC.swift in Sources */ = {isa = PBXBuildFile; fileRef = 1ED080FF2D79D24A004F9F8C /* UserInfoVC.swift */; };
		1ED081022D7A5062004F9F8C /* GFSecondaryTitleLabel.swift in Sources */ = {isa = PBXBuildFile; fileRef = 1ED081012D7A5062004F9F8C /* GFSecondaryTitleLabel.swift */; };
		1ED081042D7A5106004F9F8C /* GFUserInfoHeaderVC.swift in Sources */ = {isa = PBXBuildFile; fileRef = 1ED081032D7A5106004F9F8C /* GFUserInfoHeaderVC.swift */; };
		1EE061B02D6FB2F6000B6D9B /* NetworkManager.swift in Sources */ = {isa = PBXBuildFile; fileRef = 1EE061AF2D6FB2F6000B6D9B /* NetworkManager.swift */; };
		1EE061B32D70441A000B6D9B /* ErrorMessage.swift in Sources */ = {isa = PBXBuildFile; fileRef = 1EE061B22D70441A000B6D9B /* ErrorMessage.swift */; };
		1EE061B62D718C22000B6D9B /* FollowerCell.swift in Sources */ = {isa = PBXBuildFile; fileRef = 1EE061B52D718C21000B6D9B /* FollowerCell.swift */; };
		1EE061B82D718CA3000B6D9B /* GFAvatarImageView.swift in Sources */ = {isa = PBXBuildFile; fileRef = 1EE061B72D718CA3000B6D9B /* GFAvatarImageView.swift */; };
		1EE061BA2D725F51000B6D9B /* UIHelper.swift in Sources */ = {isa = PBXBuildFile; fileRef = 1EE061B92D725F51000B6D9B /* UIHelper.swift */; };
		1EF418C62D691C6300401BB7 /* FollowerListVC.swift in Sources */ = {isa = PBXBuildFile; fileRef = 1EF418C52D691C6300401BB7 /* FollowerListVC.swift */; };
		1EF68C252D6C5BF7007EDFFE /* Follower.swift in Sources */ = {isa = PBXBuildFile; fileRef = 1EF68C242D6C5BF7007EDFFE /* Follower.swift */; };
		1EF68C272D6C5D04007EDFFE /* User.swift in Sources */ = {isa = PBXBuildFile; fileRef = 1EF68C262D6C5D04007EDFFE /* User.swift */; };
/* End PBXBuildFile section */

/* Begin PBXFileReference section */
		1E0675112D7B248200E94188 /* Constants.swift */ = {isa = PBXFileReference; lastKnownFileType = sourcecode.swift; path = Constants.swift; sourceTree = "<group>"; };
		1E2428662D61310B001601A2 /* Github-Follower.app */ = {isa = PBXFileReference; explicitFileType = wrapper.application; includeInIndex = 0; path = "Github-Follower.app"; sourceTree = BUILT_PRODUCTS_DIR; };
		1E2428692D61310B001601A2 /* AppDelegate.swift */ = {isa = PBXFileReference; lastKnownFileType = sourcecode.swift; path = AppDelegate.swift; sourceTree = "<group>"; };
		1E24286B2D61310B001601A2 /* SceneDelegate.swift */ = {isa = PBXFileReference; lastKnownFileType = sourcecode.swift; path = SceneDelegate.swift; sourceTree = "<group>"; };
		1E2428722D61310C001601A2 /* Assets.xcassets */ = {isa = PBXFileReference; lastKnownFileType = folder.assetcatalog; path = Assets.xcassets; sourceTree = "<group>"; };
		1E2428752D61310C001601A2 /* Base */ = {isa = PBXFileReference; lastKnownFileType = file.storyboard; name = Base; path = Base.lproj/LaunchScreen.storyboard; sourceTree = "<group>"; };
		1E2428772D61310C001601A2 /* Info.plist */ = {isa = PBXFileReference; lastKnownFileType = text.plist.xml; path = Info.plist; sourceTree = "<group>"; };
		1E24287D2D63EBAF001601A2 /* FavoritesListVC.swift */ = {isa = PBXFileReference; lastKnownFileType = sourcecode.swift; path = FavoritesListVC.swift; sourceTree = "<group>"; };
		1E24287F2D63EBE4001601A2 /* SearchVC.swift */ = {isa = PBXFileReference; lastKnownFileType = sourcecode.swift; path = SearchVC.swift; sourceTree = "<group>"; };
		1E3679AB2D6BC07E006A5D5F /* GFTitleLabel.swift */ = {isa = PBXFileReference; lastKnownFileType = sourcecode.swift; path = GFTitleLabel.swift; sourceTree = "<group>"; };
		1E3679AD2D6BC392006A5D5F /* GFBodyLabel.swift */ = {isa = PBXFileReference; lastKnownFileType = sourcecode.swift; path = GFBodyLabel.swift; sourceTree = "<group>"; };
		1E3679AF2D6BC454006A5D5F /* GFAlertVC.swift */ = {isa = PBXFileReference; lastKnownFileType = sourcecode.swift; path = GFAlertVC.swift; sourceTree = "<group>"; };
		1E3679B12D6BD33E006A5D5F /* UIViewController+Ext.swift */ = {isa = PBXFileReference; lastKnownFileType = sourcecode.swift; path = "UIViewController+Ext.swift"; sourceTree = "<group>"; };
		1E5FF3462D6522810043BB3F /* GFButton.swift */ = {isa = PBXFileReference; lastKnownFileType = sourcecode.swift; path = GFButton.swift; sourceTree = "<group>"; };
		1E5FF3482D6524E40043BB3F /* GFTextField.swift */ = {isa = PBXFileReference; lastKnownFileType = sourcecode.swift; path = GFTextField.swift; sourceTree = "<group>"; };
		1E79EB472D806AED008230C5 /* PersistenceManager.swift */ = {isa = PBXFileReference; lastKnownFileType = sourcecode.swift; path = PersistenceManager.swift; sourceTree = "<group>"; };
		1E79EB4A2D80D5E7008230C5 /* FavoriteCell.swift */ = {isa = PBXFileReference; lastKnownFileType = sourcecode.swift; path = FavoriteCell.swift; sourceTree = "<group>"; };
		1E79EB4D2D81B2E6008230C5 /* GFTabBarController.swift */ = {isa = PBXFileReference; lastKnownFileType = sourcecode.swift; path = GFTabBarController.swift; sourceTree = "<group>"; };
		1EB4598F2D7C8AA300B07163 /* GFItemInfoView.swift */ = {isa = PBXFileReference; lastKnownFileType = sourcecode.swift; path = GFItemInfoView.swift; sourceTree = "<group>"; };
		1EB459912D7CAA9000B07163 /* GFITemInfoVC.swift */ = {isa = PBXFileReference; lastKnownFileType = sourcecode.swift; path = GFITemInfoVC.swift; sourceTree = "<group>"; };
		1EB459932D7CF9E900B07163 /* GfRepoItemVC.swift */ = {isa = PBXFileReference; lastKnownFileType = sourcecode.swift; path = GfRepoItemVC.swift; sourceTree = "<group>"; };
		1EB459952D7CFBED00B07163 /* GFFollowerItemVC.swift */ = {isa = PBXFileReference; lastKnownFileType = sourcecode.swift; path = GFFollowerItemVC.swift; sourceTree = "<group>"; };
		1EB459982D7E410500B07163 /* Data+Ext.swift */ = {isa = PBXFileReference; lastKnownFileType = sourcecode.swift; path = "Data+Ext.swift"; sourceTree = "<group>"; };
		1EB4599A2D7E411D00B07163 /* String+Ext.swift */ = {isa = PBXFileReference; lastKnownFileType = sourcecode.swift; path = "String+Ext.swift"; sourceTree = "<group>"; };
		1ED080FD2D779B3B004F9F8C /* GFEmptyStateView.swift */ = {isa = PBXFileReference; lastKnownFileType = sourcecode.swift; path = GFEmptyStateView.swift; sourceTree = "<group>"; };
		1ED080FF2D79D24A004F9F8C /* UserInfoVC.swift */ = {isa = PBXFileReference; lastKnownFileType = sourcecode.swift; path = UserInfoVC.swift; sourceTree = "<group>"; };
		1ED081012D7A5062004F9F8C /* GFSecondaryTitleLabel.swift */ = {isa = PBXFileReference; lastKnownFileType = sourcecode.swift; path = GFSecondaryTitleLabel.swift; sourceTree = "<group>"; };
		1ED081032D7A5106004F9F8C /* GFUserInfoHeaderVC.swift */ = {isa = PBXFileReference; lastKnownFileType = sourcecode.swift; path = GFUserInfoHeaderVC.swift; sourceTree = "<group>"; };
		1EE061AF2D6FB2F6000B6D9B /* NetworkManager.swift */ = {isa = PBXFileReference; lastKnownFileType = sourcecode.swift; path = NetworkManager.swift; sourceTree = "<group>"; };
		1EE061B22D70441A000B6D9B /* ErrorMessage.swift */ = {isa = PBXFileReference; lastKnownFileType = sourcecode.swift; path = ErrorMessage.swift; sourceTree = "<group>"; };
		1EE061B52D718C21000B6D9B /* FollowerCell.swift */ = {isa = PBXFileReference; lastKnownFileType = sourcecode.swift; path = FollowerCell.swift; sourceTree = "<group>"; };
		1EE061B72D718CA3000B6D9B /* GFAvatarImageView.swift */ = {isa = PBXFileReference; lastKnownFileType = sourcecode.swift; path = GFAvatarImageView.swift; sourceTree = "<group>"; };
		1EE061B92D725F51000B6D9B /* UIHelper.swift */ = {isa = PBXFileReference; lastKnownFileType = sourcecode.swift; path = UIHelper.swift; sourceTree = "<group>"; };
		1EF418C52D691C6300401BB7 /* FollowerListVC.swift */ = {isa = PBXFileReference; lastKnownFileType = sourcecode.swift; path = FollowerListVC.swift; sourceTree = "<group>"; };
		1EF68C242D6C5BF7007EDFFE /* Follower.swift */ = {isa = PBXFileReference; lastKnownFileType = sourcecode.swift; path = Follower.swift; sourceTree = "<group>"; };
		1EF68C262D6C5D04007EDFFE /* User.swift */ = {isa = PBXFileReference; lastKnownFileType = sourcecode.swift; path = User.swift; sourceTree = "<group>"; };
/* End PBXFileReference section */

/* Begin PBXFrameworksBuildPhase section */
		1E2428632D61310B001601A2 /* Frameworks */ = {
			isa = PBXFrameworksBuildPhase;
			buildActionMask = 2147483647;
			files = (
			);
			runOnlyForDeploymentPostprocessing = 0;
		};
/* End PBXFrameworksBuildPhase section */

/* Begin PBXGroup section */
		1E24285D2D61310B001601A2 = {
			isa = PBXGroup;
			children = (
				1E2428682D61310B001601A2 /* Github-Follower */,
				1E2428672D61310B001601A2 /* Products */,
			);
			sourceTree = "<group>";
		};
		1E2428672D61310B001601A2 /* Products */ = {
			isa = PBXGroup;
			children = (
				1E2428662D61310B001601A2 /* Github-Follower.app */,
			);
			name = Products;
			sourceTree = "<group>";
		};
		1E2428682D61310B001601A2 /* Github-Follower */ = {
			isa = PBXGroup;
			children = (
				1EE061B12D7043FD000B6D9B /* Utilities */,
				1EE061AE2D6FB20B000B6D9B /* Managers */,
				1EF68C232D6C5BE5007EDFFE /* Model */,
				1E3679B62D6BDC46006A5D5F /* Support */,
				1E3679B52D6BDBAE006A5D5F /* Extensions */,
				1E3679B42D6BDB34006A5D5F /* Custom Views */,
				1E3679B32D6BDAF4006A5D5F /* Screens */,
			);
			path = "Github-Follower";
			sourceTree = "<group>";
		};
		1E3679B32D6BDAF4006A5D5F /* Screens */ = {
			isa = PBXGroup;
			children = (
				1E24287F2D63EBE4001601A2 /* SearchVC.swift */,
				1EF418C52D691C6300401BB7 /* FollowerListVC.swift */,
				1E24287D2D63EBAF001601A2 /* FavoritesListVC.swift */,
				1ED080FF2D79D24A004F9F8C /* UserInfoVC.swift */,
			);
			name = Screens;
			sourceTree = "<group>";
		};
		1E3679B42D6BDB34006A5D5F /* Custom Views */ = {
			isa = PBXGroup;
			children = (
				1E79EB4C2D81B279008230C5 /* TabBarControllers */,
				1ED080F72D779960004F9F8C /* Labels */,
				1ED080F82D77996A004F9F8C /* ViewControllers */,
				1ED080F92D77997D004F9F8C /* ImageViews */,
				1ED080FA2D779988004F9F8C /* TextFields */,
				1ED080FB2D779993004F9F8C /* Buttons */,
				1ED080FC2D77999A004F9F8C /* Views */,
				1EE061B42D718C02000B6D9B /* Cells */,
			);
			name = "Custom Views";
			sourceTree = "<group>";
		};
		1E3679B52D6BDBAE006A5D5F /* Extensions */ = {
			isa = PBXGroup;
			children = (
				1E3679B12D6BD33E006A5D5F /* UIViewController+Ext.swift */,
				1EB459982D7E410500B07163 /* Data+Ext.swift */,
				1EB4599A2D7E411D00B07163 /* String+Ext.swift */,
			);
			name = Extensions;
			sourceTree = "<group>";
		};
		1E3679B62D6BDC46006A5D5F /* Support */ = {
			isa = PBXGroup;
			children = (
				1E2428692D61310B001601A2 /* AppDelegate.swift */,
				1E24286B2D61310B001601A2 /* SceneDelegate.swift */,
				1E2428722D61310C001601A2 /* Assets.xcassets */,
				1E2428742D61310C001601A2 /* LaunchScreen.storyboard */,
				1E2428772D61310C001601A2 /* Info.plist */,
			);
			name = Support;
			sourceTree = "<group>";
		};
		1E79EB4C2D81B279008230C5 /* TabBarControllers */ = {
			isa = PBXGroup;
			children = (
				1E79EB4D2D81B2E6008230C5 /* GFTabBarController.swift */,
			);
			name = TabBarControllers;
			sourceTree = "<group>";
		};
		1EB459972D7CFC5900B07163 /* ItemInfoVCs */ = {
			isa = PBXGroup;
			children = (
				1EB459912D7CAA9000B07163 /* GFITemInfoVC.swift */,
				1EB459932D7CF9E900B07163 /* GfRepoItemVC.swift */,
				1EB459952D7CFBED00B07163 /* GFFollowerItemVC.swift */,
			);
			name = ItemInfoVCs;
			sourceTree = "<group>";
		};
		1ED080F72D779960004F9F8C /* Labels */ = {
			isa = PBXGroup;
			children = (
				1E3679AB2D6BC07E006A5D5F /* GFTitleLabel.swift */,
				1E3679AD2D6BC392006A5D5F /* GFBodyLabel.swift */,
				1ED081012D7A5062004F9F8C /* GFSecondaryTitleLabel.swift */,
			);
			name = Labels;
			sourceTree = "<group>";
		};
		1ED080F82D77996A004F9F8C /* ViewControllers */ = {
			isa = PBXGroup;
			children = (
				1EB459972D7CFC5900B07163 /* ItemInfoVCs */,
				1E3679AF2D6BC454006A5D5F /* GFAlertVC.swift */,
				1ED081032D7A5106004F9F8C /* GFUserInfoHeaderVC.swift */,
			);
			name = ViewControllers;
			sourceTree = "<group>";
		};
		1ED080F92D77997D004F9F8C /* ImageViews */ = {
			isa = PBXGroup;
			children = (
				1EE061B72D718CA3000B6D9B /* GFAvatarImageView.swift */,
			);
			name = ImageViews;
			sourceTree = "<group>";
		};
		1ED080FA2D779988004F9F8C /* TextFields */ = {
			isa = PBXGroup;
			children = (
				1E5FF3482D6524E40043BB3F /* GFTextField.swift */,
			);
			name = TextFields;
			sourceTree = "<group>";
		};
		1ED080FB2D779993004F9F8C /* Buttons */ = {
			isa = PBXGroup;
			children = (
				1E5FF3462D6522810043BB3F /* GFButton.swift */,
			);
			name = Buttons;
			sourceTree = "<group>";
		};
		1ED080FC2D77999A004F9F8C /* Views */ = {
			isa = PBXGroup;
			children = (
				1ED080FD2D779B3B004F9F8C /* GFEmptyStateView.swift */,
				1EB4598F2D7C8AA300B07163 /* GFItemInfoView.swift */,
			);
			name = Views;
			sourceTree = "<group>";
		};
		1EE061AE2D6FB20B000B6D9B /* Managers */ = {
			isa = PBXGroup;
			children = (
				1EE061AF2D6FB2F6000B6D9B /* NetworkManager.swift */,
				1E79EB472D806AED008230C5 /* PersistenceManager.swift */,
			);
			name = Managers;
			sourceTree = "<group>";
		};
		1EE061B12D7043FD000B6D9B /* Utilities */ = {
			isa = PBXGroup;
			children = (
				1EE061B22D70441A000B6D9B /* ErrorMessage.swift */,
				1EE061B92D725F51000B6D9B /* UIHelper.swift */,
				1E0675112D7B248200E94188 /* Constants.swift */,
			);
			name = Utilities;
			sourceTree = "<group>";
		};
		1EE061B42D718C02000B6D9B /* Cells */ = {
			isa = PBXGroup;
			children = (
				1EE061B52D718C21000B6D9B /* FollowerCell.swift */,
				1E79EB4A2D80D5E7008230C5 /* FavoriteCell.swift */,
			);
			name = Cells;
			sourceTree = "<group>";
		};
		1EF68C232D6C5BE5007EDFFE /* Model */ = {
			isa = PBXGroup;
			children = (
				1EF68C242D6C5BF7007EDFFE /* Follower.swift */,
				1EF68C262D6C5D04007EDFFE /* User.swift */,
			);
			name = Model;
			sourceTree = "<group>";
		};
/* End PBXGroup section */

/* Begin PBXNativeTarget section */
		1E2428652D61310B001601A2 /* Github-Follower */ = {
			isa = PBXNativeTarget;
			buildConfigurationList = 1E24287A2D61310C001601A2 /* Build configuration list for PBXNativeTarget "Github-Follower" */;
			buildPhases = (
				1E2428622D61310B001601A2 /* Sources */,
				1E2428632D61310B001601A2 /* Frameworks */,
				1E2428642D61310B001601A2 /* Resources */,
			);
			buildRules = (
			);
			dependencies = (
			);
			name = "Github-Follower";
			productName = "Github-Follower";
			productReference = 1E2428662D61310B001601A2 /* Github-Follower.app */;
			productType = "com.apple.product-type.application";
		};
/* End PBXNativeTarget section */

/* Begin PBXProject section */
		1E24285E2D61310B001601A2 /* Project object */ = {
			isa = PBXProject;
			attributes = {
				BuildIndependentTargetsInParallel = 1;
				LastSwiftUpdateCheck = 1540;
				LastUpgradeCheck = 1540;
				TargetAttributes = {
					1E2428652D61310B001601A2 = {
						CreatedOnToolsVersion = 15.4;
					};
				};
			};
			buildConfigurationList = 1E2428612D61310B001601A2 /* Build configuration list for PBXProject "Github-Follower" */;
			compatibilityVersion = "Xcode 14.0";
			developmentRegion = en;
			hasScannedForEncodings = 0;
			knownRegions = (
				en,
				Base,
			);
			mainGroup = 1E24285D2D61310B001601A2;
			productRefGroup = 1E2428672D61310B001601A2 /* Products */;
			projectDirPath = "";
			projectRoot = "";
			targets = (
				1E2428652D61310B001601A2 /* Github-Follower */,
			);
		};
/* End PBXProject section */

/* Begin PBXResourcesBuildPhase section */
		1E2428642D61310B001601A2 /* Resources */ = {
			isa = PBXResourcesBuildPhase;
			buildActionMask = 2147483647;
			files = (
				1E2428732D61310C001601A2 /* Assets.xcassets in Resources */,
				1E2428762D61310C001601A2 /* Base in Resources */,
			);
			runOnlyForDeploymentPostprocessing = 0;
		};
/* End PBXResourcesBuildPhase section */

/* Begin PBXSourcesBuildPhase section */
		1E2428622D61310B001601A2 /* Sources */ = {
			isa = PBXSourcesBuildPhase;
			buildActionMask = 2147483647;
			files = (
				1E0675122D7B248200E94188 /* Constants.swift in Sources */,
				1EF68C272D6C5D04007EDFFE /* User.swift in Sources */,
				1E5FF3492D6524E40043BB3F /* GFTextField.swift in Sources */,
				1EB4599B2D7E411D00B07163 /* String+Ext.swift in Sources */,
				1E2428802D63EBE4001601A2 /* SearchVC.swift in Sources */,
				1ED081042D7A5106004F9F8C /* GFUserInfoHeaderVC.swift in Sources */,
				1E5FF3472D6522810043BB3F /* GFButton.swift in Sources */,
				1ED080FE2D779B3B004F9F8C /* GFEmptyStateView.swift in Sources */,
				1E3679B22D6BD33E006A5D5F /* UIViewController+Ext.swift in Sources */,
				1EE061BA2D725F51000B6D9B /* UIHelper.swift in Sources */,
				1ED081022D7A5062004F9F8C /* GFSecondaryTitleLabel.swift in Sources */,
				1EB459902D7C8AA400B07163 /* GFItemInfoView.swift in Sources */,
				1EE061B82D718CA3000B6D9B /* GFAvatarImageView.swift in Sources */,
				1E24287E2D63EBAF001601A2 /* FavoritesListVC.swift in Sources */,
				1E79EB4B2D80D5E7008230C5 /* FavoriteCell.swift in Sources */,
				1E3679B02D6BC454006A5D5F /* GFAlertVC.swift in Sources */,
				1E79EB4E2D81B2E6008230C5 /* GFTabBarController.swift in Sources */,
				1EE061B62D718C22000B6D9B /* FollowerCell.swift in Sources */,
				1ED081002D79D24A004F9F8C /* UserInfoVC.swift in Sources */,
				1EE061B32D70441A000B6D9B /* ErrorMessage.swift in Sources */,
				1E3679AE2D6BC392006A5D5F /* GFBodyLabel.swift in Sources */,
				1EB459942D7CF9E900B07163 /* GfRepoItemVC.swift in Sources */,
				1EF68C252D6C5BF7007EDFFE /* Follower.swift in Sources */,
				1E79EB482D806AED008230C5 /* PersistenceManager.swift in Sources */,
				1EB459962D7CFBED00B07163 /* GFFollowerItemVC.swift in Sources */,
				1E3679AC2D6BC07E006A5D5F /* GFTitleLabel.swift in Sources */,
				1EE061B02D6FB2F6000B6D9B /* NetworkManager.swift in Sources */,
				1EF418C62D691C6300401BB7 /* FollowerListVC.swift in Sources */,
				1E24286A2D61310B001601A2 /* AppDelegate.swift in Sources */,
				1E24286C2D61310B001601A2 /* SceneDelegate.swift in Sources */,
				1EB459922D7CAA9000B07163 /* GFITemInfoVC.swift in Sources */,
				1EB459992D7E410500B07163 /* Data+Ext.swift in Sources */,
			);
			runOnlyForDeploymentPostprocessing = 0;
		};
/* End PBXSourcesBuildPhase section */

/* Begin PBXVariantGroup section */
		1E2428742D61310C001601A2 /* LaunchScreen.storyboard */ = {
			isa = PBXVariantGroup;
			children = (
				1E2428752D61310C001601A2 /* Base */,
			);
			name = LaunchScreen.storyboard;
			sourceTree = "<group>";
		};
/* End PBXVariantGroup section */

/* Begin XCBuildConfiguration section */
		1E2428782D61310C001601A2 /* Debug */ = {
			isa = XCBuildConfiguration;
			buildSettings = {
				ALWAYS_SEARCH_USER_PATHS = NO;
				ASSETCATALOG_COMPILER_GENERATE_SWIFT_ASSET_SYMBOL_EXTENSIONS = YES;
				CLANG_ANALYZER_NONNULL = YES;
				CLANG_ANALYZER_NUMBER_OBJECT_CONVERSION = YES_AGGRESSIVE;
				CLANG_CXX_LANGUAGE_STANDARD = "gnu++20";
				CLANG_ENABLE_MODULES = YES;
				CLANG_ENABLE_OBJC_ARC = YES;
				CLANG_ENABLE_OBJC_WEAK = YES;
				CLANG_WARN_BLOCK_CAPTURE_AUTORELEASING = YES;
				CLANG_WARN_BOOL_CONVERSION = YES;
				CLANG_WARN_COMMA = YES;
				CLANG_WARN_CONSTANT_CONVERSION = YES;
				CLANG_WARN_DEPRECATED_OBJC_IMPLEMENTATIONS = YES;
				CLANG_WARN_DIRECT_OBJC_ISA_USAGE = YES_ERROR;
				CLANG_WARN_DOCUMENTATION_COMMENTS = YES;
				CLANG_WARN_EMPTY_BODY = YES;
				CLANG_WARN_ENUM_CONVERSION = YES;
				CLANG_WARN_INFINITE_RECURSION = YES;
				CLANG_WARN_INT_CONVERSION = YES;
				CLANG_WARN_NON_LITERAL_NULL_CONVERSION = YES;
				CLANG_WARN_OBJC_IMPLICIT_RETAIN_SELF = YES;
				CLANG_WARN_OBJC_LITERAL_CONVERSION = YES;
				CLANG_WARN_OBJC_ROOT_CLASS = YES_ERROR;
				CLANG_WARN_QUOTED_INCLUDE_IN_FRAMEWORK_HEADER = YES;
				CLANG_WARN_RANGE_LOOP_ANALYSIS = YES;
				CLANG_WARN_STRICT_PROTOTYPES = YES;
				CLANG_WARN_SUSPICIOUS_MOVE = YES;
				CLANG_WARN_UNGUARDED_AVAILABILITY = YES_AGGRESSIVE;
				CLANG_WARN_UNREACHABLE_CODE = YES;
				CLANG_WARN__DUPLICATE_METHOD_MATCH = YES;
				COPY_PHASE_STRIP = NO;
				DEBUG_INFORMATION_FORMAT = dwarf;
				ENABLE_STRICT_OBJC_MSGSEND = YES;
				ENABLE_TESTABILITY = YES;
				ENABLE_USER_SCRIPT_SANDBOXING = YES;
				GCC_C_LANGUAGE_STANDARD = gnu17;
				GCC_DYNAMIC_NO_PIC = NO;
				GCC_NO_COMMON_BLOCKS = YES;
				GCC_OPTIMIZATION_LEVEL = 0;
				GCC_PREPROCESSOR_DEFINITIONS = (
					"DEBUG=1",
					"$(inherited)",
				);
				GCC_WARN_64_TO_32_BIT_CONVERSION = YES;
				GCC_WARN_ABOUT_RETURN_TYPE = YES_ERROR;
				GCC_WARN_UNDECLARED_SELECTOR = YES;
				GCC_WARN_UNINITIALIZED_AUTOS = YES_AGGRESSIVE;
				GCC_WARN_UNUSED_FUNCTION = YES;
				GCC_WARN_UNUSED_VARIABLE = YES;
				IPHONEOS_DEPLOYMENT_TARGET = 17.5;
				LOCALIZATION_PREFERS_STRING_CATALOGS = YES;
				MTL_ENABLE_DEBUG_INFO = INCLUDE_SOURCE;
				MTL_FAST_MATH = YES;
				ONLY_ACTIVE_ARCH = YES;
				SDKROOT = iphoneos;
				SWIFT_ACTIVE_COMPILATION_CONDITIONS = "DEBUG $(inherited)";
				SWIFT_OPTIMIZATION_LEVEL = "-Onone";
			};
			name = Debug;
		};
		1E2428792D61310C001601A2 /* Release */ = {
			isa = XCBuildConfiguration;
			buildSettings = {
				ALWAYS_SEARCH_USER_PATHS = NO;
				ASSETCATALOG_COMPILER_GENERATE_SWIFT_ASSET_SYMBOL_EXTENSIONS = YES;
				CLANG_ANALYZER_NONNULL = YES;
				CLANG_ANALYZER_NUMBER_OBJECT_CONVERSION = YES_AGGRESSIVE;
				CLANG_CXX_LANGUAGE_STANDARD = "gnu++20";
				CLANG_ENABLE_MODULES = YES;
				CLANG_ENABLE_OBJC_ARC = YES;
				CLANG_ENABLE_OBJC_WEAK = YES;
				CLANG_WARN_BLOCK_CAPTURE_AUTORELEASING = YES;
				CLANG_WARN_BOOL_CONVERSION = YES;
				CLANG_WARN_COMMA = YES;
				CLANG_WARN_CONSTANT_CONVERSION = YES;
				CLANG_WARN_DEPRECATED_OBJC_IMPLEMENTATIONS = YES;
				CLANG_WARN_DIRECT_OBJC_ISA_USAGE = YES_ERROR;
				CLANG_WARN_DOCUMENTATION_COMMENTS = YES;
				CLANG_WARN_EMPTY_BODY = YES;
				CLANG_WARN_ENUM_CONVERSION = YES;
				CLANG_WARN_INFINITE_RECURSION = YES;
				CLANG_WARN_INT_CONVERSION = YES;
				CLANG_WARN_NON_LITERAL_NULL_CONVERSION = YES;
				CLANG_WARN_OBJC_IMPLICIT_RETAIN_SELF = YES;
				CLANG_WARN_OBJC_LITERAL_CONVERSION = YES;
				CLANG_WARN_OBJC_ROOT_CLASS = YES_ERROR;
				CLANG_WARN_QUOTED_INCLUDE_IN_FRAMEWORK_HEADER = YES;
				CLANG_WARN_RANGE_LOOP_ANALYSIS = YES;
				CLANG_WARN_STRICT_PROTOTYPES = YES;
				CLANG_WARN_SUSPICIOUS_MOVE = YES;
				CLANG_WARN_UNGUARDED_AVAILABILITY = YES_AGGRESSIVE;
				CLANG_WARN_UNREACHABLE_CODE = YES;
				CLANG_WARN__DUPLICATE_METHOD_MATCH = YES;
				COPY_PHASE_STRIP = NO;
				DEBUG_INFORMATION_FORMAT = "dwarf-with-dsym";
				ENABLE_NS_ASSERTIONS = NO;
				ENABLE_STRICT_OBJC_MSGSEND = YES;
				ENABLE_USER_SCRIPT_SANDBOXING = YES;
				GCC_C_LANGUAGE_STANDARD = gnu17;
				GCC_NO_COMMON_BLOCKS = YES;
				GCC_WARN_64_TO_32_BIT_CONVERSION = YES;
				GCC_WARN_ABOUT_RETURN_TYPE = YES_ERROR;
				GCC_WARN_UNDECLARED_SELECTOR = YES;
				GCC_WARN_UNINITIALIZED_AUTOS = YES_AGGRESSIVE;
				GCC_WARN_UNUSED_FUNCTION = YES;
				GCC_WARN_UNUSED_VARIABLE = YES;
				IPHONEOS_DEPLOYMENT_TARGET = 17.5;
				LOCALIZATION_PREFERS_STRING_CATALOGS = YES;
				MTL_ENABLE_DEBUG_INFO = NO;
				MTL_FAST_MATH = YES;
				SDKROOT = iphoneos;
				SWIFT_COMPILATION_MODE = wholemodule;
				VALIDATE_PRODUCT = YES;
			};
			name = Release;
		};
		1E24287B2D61310C001601A2 /* Debug */ = {
			isa = XCBuildConfiguration;
			buildSettings = {
				ASSETCATALOG_COMPILER_APPICON_NAME = AppIcon;
				ASSETCATALOG_COMPILER_GLOBAL_ACCENT_COLOR_NAME = AccentColor;
				CODE_SIGN_STYLE = Automatic;
				CURRENT_PROJECT_VERSION = 1;
				DEVELOPMENT_TEAM = MAD925RDGT;
				GENERATE_INFOPLIST_FILE = YES;
				INFOPLIST_FILE = "Github-Follower/Info.plist";
				INFOPLIST_KEY_UIApplicationSupportsIndirectInputEvents = YES;
				INFOPLIST_KEY_UILaunchStoryboardName = LaunchScreen;
				INFOPLIST_KEY_UISupportedInterfaceOrientations = UIInterfaceOrientationPortrait;
				INFOPLIST_KEY_UISupportedInterfaceOrientations_iPad = "UIInterfaceOrientationLandscapeLeft UIInterfaceOrientationLandscapeRight UIInterfaceOrientationPortrait UIInterfaceOrientationPortraitUpsideDown";
				LD_RUNPATH_SEARCH_PATHS = (
					"$(inherited)",
					"@executable_path/Frameworks",
				);
				MARKETING_VERSION = 1.0;
				PRODUCT_BUNDLE_IDENTIFIER = "Sabri.Github-Follower";
				PRODUCT_NAME = "$(TARGET_NAME)";
				SWIFT_EMIT_LOC_STRINGS = YES;
				SWIFT_VERSION = 5.0;
				TARGETED_DEVICE_FAMILY = "1,2";
			};
			name = Debug;
		};
		1E24287C2D61310C001601A2 /* Release */ = {
			isa = XCBuildConfiguration;
			buildSettings = {
				ASSETCATALOG_COMPILER_APPICON_NAME = AppIcon;
				ASSETCATALOG_COMPILER_GLOBAL_ACCENT_COLOR_NAME = AccentColor;
				CODE_SIGN_STYLE = Automatic;
				CURRENT_PROJECT_VERSION = 1;
				DEVELOPMENT_TEAM = MAD925RDGT;
				GENERATE_INFOPLIST_FILE = YES;
				INFOPLIST_FILE = "Github-Follower/Info.plist";
				INFOPLIST_KEY_UIApplicationSupportsIndirectInputEvents = YES;
				INFOPLIST_KEY_UILaunchStoryboardName = LaunchScreen;
				INFOPLIST_KEY_UISupportedInterfaceOrientations = UIInterfaceOrientationPortrait;
				INFOPLIST_KEY_UISupportedInterfaceOrientations_iPad = "UIInterfaceOrientationLandscapeLeft UIInterfaceOrientationLandscapeRight UIInterfaceOrientationPortrait UIInterfaceOrientationPortraitUpsideDown";
				LD_RUNPATH_SEARCH_PATHS = (
					"$(inherited)",
					"@executable_path/Frameworks",
				);
				MARKETING_VERSION = 1.0;
				PRODUCT_BUNDLE_IDENTIFIER = "Sabri.Github-Follower";
				PRODUCT_NAME = "$(TARGET_NAME)";
				SWIFT_EMIT_LOC_STRINGS = YES;
				SWIFT_VERSION = 5.0;
				TARGETED_DEVICE_FAMILY = "1,2";
			};
			name = Release;
		};
/* End XCBuildConfiguration section */

/* Begin XCConfigurationList section */
		1E2428612D61310B001601A2 /* Build configuration list for PBXProject "Github-Follower" */ = {
			isa = XCConfigurationList;
			buildConfigurations = (
				1E2428782D61310C001601A2 /* Debug */,
				1E2428792D61310C001601A2 /* Release */,
			);
			defaultConfigurationIsVisible = 0;
			defaultConfigurationName = Release;
		};
		1E24287A2D61310C001601A2 /* Build configuration list for PBXNativeTarget "Github-Follower" */ = {
			isa = XCConfigurationList;
			buildConfigurations = (
				1E24287B2D61310C001601A2 /* Debug */,
				1E24287C2D61310C001601A2 /* Release */,
			);
			defaultConfigurationIsVisible = 0;
			defaultConfigurationName = Release;
		};
/* End XCConfigurationList section */
	};
	rootObject = 1E24285E2D61310B001601A2 /* Project object */;
}
